
Microsoft Visual Studio Solution File, Format Version 12.00
# Visual Studio Version 17
VisualStudioVersion = 17.0.31903.59
MinimumVisualStudioVersion = 10.0.40219.1
Project("{FAE04EC0-301F-11D3-BF4B-00C04F79EFBC}") = "SysuSurf", "SysuSurf\SysuSurf.csproj", "{CFE9938B-DB0A-4A78-88EF-1E9783E2404C}"
EndProject
Project("{FAE04EC0-301F-11D3-BF4B-00C04F79EFBC}") = "SharpPcap", "SharpPcap\SharpPcap.csproj", "{FC929191-0DF2-4528-BD90-A5453DEA940D}"
EndProject
Global
	GlobalSection(SolutionConfigurationPlatforms) = preSolution
		Debug|Any CPU = Debug|Any CPU
		Release|Any CPU = Release|Any CPU
	EndGlobalSection
	GlobalSection(SolutionProperties) = preSolution
		HideSolutionNode = FALSE
	EndGlobalSection
	GlobalSection(ProjectConfigurationPlatforms) = postSolution
		{CFE9938B-DB0A-4A78-88EF-1E9783E2404C}.Debug|Any CPU.ActiveCfg = Debug|Any CPU
		{CFE9938B-DB0A-4A78-88EF-1E9783E2404C}.Debug|Any CPU.Build.0 = Debug|Any CPU
		{CFE9938B-DB0A-4A78-88EF-1E9783E2404C}.Release|Any CPU.ActiveCfg = Release|Any CPU
		{CFE9938B-DB0A-4A78-88EF-1E9783E2404C}.Release|Any CPU.Build.0 = Release|Any CPU
		{FC929191-0DF2-4528-BD90-A5453DEA940D}.Debug|Any CPU.ActiveCfg = Debug|Any CPU
		{FC929191-0DF2-4528-BD90-A5453DEA940D}.Debug|Any CPU.Build.0 = Debug|Any CPU
		{FC929191-0DF2-4528-BD90-A5453DEA940D}.Release|Any CPU.ActiveCfg = Release|Any CPU
		{FC929191-0DF2-4528-BD90-A5453DEA940D}.Release|Any CPU.Build.0 = Release|Any CPU
	EndGlobalSection
EndGlobal
